
Microsoft Visual Studio Solution File, Format Version 12.00
# Visual Studio Version 17
VisualStudioVersion = 17.13.35931.197
MinimumVisualStudioVersion = 10.0.40219.1
Project("{FAE04EC0-301F-11D3-BF4B-00C04F79EFBC}") = "Playground.AppHost", "src\Playground.AppHost\Playground.AppHost.csproj", "{5F37D56B-771A-410B-95E8-C7782BE75D3B}"
EndProject
Project("{FAE04EC0-301F-11D3-BF4B-00C04F79EFBC}") = "Playground.ServiceDefaults", "src\Playground.ServiceDefaults\Playground.ServiceDefaults.csproj", "{EDCBC498-A29F-0FA0-A345-1B88B04FAB43}"
EndProject
Project("{FAE04EC0-301F-11D3-BF4B-00C04F79EFBC}") = "Playground.ApiService", "src\Playground.ApiService\Playground.ApiService.csproj", "{65E62E5B-B707-E3CC-E43D-143B383E266A}"
EndProject
Project("{FAE04EC0-301F-11D3-BF4B-00C04F79EFBC}") = "Playground.Web", "src\Playground.Web\Playground.Web.csproj", "{0305EEED-6122-F326-89E4-28FA03370CCF}"
EndProject
Project("{FAE04EC0-301F-11D3-BF4B-00C04F79EFBC}") = "Playground.Tests", "src\Playground.Tests\Playground.Tests.csproj", "{72CFDFEC-C225-1E98-482E-825A0DCACD1B}"
EndProject
Project("{FAE04EC0-301F-11D3-BF4B-00C04F79EFBC}") = "Playground.Infrastructure", "src\Playground.Infrastructure\Playground.Infrastructure.csproj", "{DE4ED93A-B97A-4B52-8AD0-6BC4A5654DF9}"
EndProject
Global
	GlobalSection(SolutionConfigurationPlatforms) = preSolution
		Debug|Any CPU = Debug|Any CPU
		Release|Any CPU = Release|Any CPU
	EndGlobalSection
	GlobalSection(ProjectConfigurationPlatforms) = postSolution
		{5F37D56B-771A-410B-95E8-C7782BE75D3B}.Debug|Any CPU.ActiveCfg = Debug|Any CPU
		{5F37D56B-771A-410B-95E8-C7782BE75D3B}.Debug|Any CPU.Build.0 = Debug|Any CPU
		{5F37D56B-771A-410B-95E8-C7782BE75D3B}.Release|Any CPU.ActiveCfg = Release|Any CPU
		{5F37D56B-771A-410B-95E8-C7782BE75D3B}.Release|Any CPU.Build.0 = Release|Any CPU
		{EDCBC498-A29F-0FA0-A345-1B88B04FAB43}.Debug|Any CPU.ActiveCfg = Debug|Any CPU
		{EDCBC498-A29F-0FA0-A345-1B88B04FAB43}.Debug|Any CPU.Build.0 = Debug|Any CPU
		{EDCBC498-A29F-0FA0-A345-1B88B04FAB43}.Release|Any CPU.ActiveCfg = Release|Any CPU
		{EDCBC498-A29F-0FA0-A345-1B88B04FAB43}.Release|Any CPU.Build.0 = Release|Any CPU
		{65E62E5B-B707-E3CC-E43D-143B383E266A}.Debug|Any CPU.ActiveCfg = Debug|Any CPU
		{65E62E5B-B707-E3CC-E43D-143B383E266A}.Debug|Any CPU.Build.0 = Debug|Any CPU
		{65E62E5B-B707-E3CC-E43D-143B383E266A}.Release|Any CPU.ActiveCfg = Release|Any CPU
		{65E62E5B-B707-E3CC-E43D-143B383E266A}.Release|Any CPU.Build.0 = Release|Any CPU
		{0305EEED-6122-F326-89E4-28FA03370CCF}.Debug|Any CPU.ActiveCfg = Debug|Any CPU
		{0305EEED-6122-F326-89E4-28FA03370CCF}.Debug|Any CPU.Build.0 = Debug|Any CPU
		{0305EEED-6122-F326-89E4-28FA03370CCF}.Release|Any CPU.ActiveCfg = Release|Any CPU
		{0305EEED-6122-F326-89E4-28FA03370CCF}.Release|Any CPU.Build.0 = Release|Any CPU
		{72CFDFEC-C225-1E98-482E-825A0DCACD1B}.Debug|Any CPU.ActiveCfg = Debug|Any CPU
		{72CFDFEC-C225-1E98-482E-825A0DCACD1B}.Debug|Any CPU.Build.0 = Debug|Any CPU
		{72CFDFEC-C225-1E98-482E-825A0DCACD1B}.Release|Any CPU.ActiveCfg = Release|Any CPU
		{72CFDFEC-C225-1E98-482E-825A0DCACD1B}.Release|Any CPU.Build.0 = Release|Any CPU
		{DE4ED93A-B97A-4B52-8AD0-6BC4A5654DF9}.Debug|Any CPU.ActiveCfg = Debug|Any CPU
		{DE4ED93A-B97A-4B52-8AD0-6BC4A5654DF9}.Debug|Any CPU.Build.0 = Debug|Any CPU
		{DE4ED93A-B97A-4B52-8AD0-6BC4A5654DF9}.Release|Any CPU.ActiveCfg = Release|Any CPU
		{DE4ED93A-B97A-4B52-8AD0-6BC4A5654DF9}.Release|Any CPU.Build.0 = Release|Any CPU
	EndGlobalSection
	GlobalSection(SolutionProperties) = preSolution
		HideSolutionNode = FALSE
	EndGlobalSection
	GlobalSection(ExtensibilityGlobals) = postSolution
		SolutionGuid = {F7BB4B3B-CFB2-4F37-BD73-96343014166B}
	EndGlobalSection
EndGlobal
